(setq el-get-lock-package-versions
      '((hydra :checksum "2d553787aca1aceb3e6927e426200e9bb9f056f1")
        (undo-tree :checksum "e9a9102f515acd7523158f20e83f300600374989")
        (el-get-lock :checksum "df8cfe55441695865a64b97946750b6413a40425")
        (lsp-python-ms :checksum "7c568cab921b3a6bd8d8dd0ab357d9096cfdd248")
        (company-lsp :checksum "f921ffa0cdc542c21dc3dd85f2c93df4288e83bd")
        (lsp-ui :checksum "060402eacac963fda5f241b31d4900f552207644")
        (lsp-mode :checksum "a315b1984029f384484d79d9187c59a51dbc2a31")
        (f :checksum "c4dbf8c8e83df834f5d6f72cd5649b9d8a8812ec")
        (ht :checksum "c4c1be487d6ecb353d07881526db05d7fc90ea87")
        (spinner :checksum "d15e7a7b6395be69acda9d6464acc81d3e2ad07d")
        (transient :checksum "4fc9aa53db766bbac5536fac5a049e54e8f4094e")
        (el-get :checksum "84dd1837f9ac80a329ab0c2de6859777f445f8ff")
        (flycheck :checksum "01396a5eff9fa494285e0d3139838231c05e3948")
        (pkg-info :checksum "76ba7415480687d05a4353b27fea2ae02b8d9d61")
        (epl :checksum "78ab7a85c08222cd15582a298a364774e3282ce6")
        (bm :checksum "dc69eb6e431151d3942cb812b7161e6f23c28c07")
        (goto-chg :checksum "2af612153bc9f5bed135d25abe62f46ddaa9027f")
        (tabbar :checksum "82bbda31cbe8ef367dd6501c3aa14b7f2c835910")
        (monokai-theme :checksum "c5a7978bfc2ad2aa90882e6b2583668dc7b3e1a5")
        (open-junk-file :checksum "f87b93ec26e92dc747da43499d0cbf5ab70fd8c2")
        (helm-c-yasnippet :checksum "28699d9a9caa8b4d37fd66368d93b6c65828c235")
        (yasnippet :checksum "5cbdbf0d2015540c59ed8ee0fcf4788effdf75b6")
        (smex :checksum "55aaebe3d793c2c990b39a302eb26c184281c42c")
        (git-gutter-fringe+ :checksum "7a2f49d2455a3a872e90e5f7dd4e6b27f1d96cfc")
        (fringe-helper :checksum "ef4a9c023bae18ec1ddd7265f1f2d6d2e775efdd")
        (git-gutter+ :checksum "b7726997806d9a2da9fe84ff00ecf21d62b6f975")
        (magit :checksum "cd7adbd17a645964381c0f379af869ec2ad94fd6")
        (with-editor :checksum "2848a90addae086b657605b84a7fbecf2c4c1c65")
        (emacs-async :checksum "d7e7f79ee42311a0187aa2ab4f4e2f8843fa28da")
        (yaml-mode :checksum "fc5e1c58f94472944c4aa838f00f6adcac6fa992")
        (markdown-mode :checksum "377ce39ffe69f058994ac4e98bde8cfb58661406")
        (cmake-mode :checksum "f8cb39ef8bc66e926686eaa056a5d94efc9a18a9")
        (matlab-mode :checksum "935c67274b84503640a9f90cce87b533461385ca")
        (company-jedi :checksum "4775b659564f1d57bc68c88c9faabf44c9fe4e4d")
        (epc :checksum "e1bfa5ca163273859336e3cc89b4b6460f7f8cda")
        (ctable :checksum "48b73742757a3ae5736d825fe49e00034cc453b5")
        (python-environment :checksum "401006584e32864a10c69d29f14414828909362e")
        (deferred :checksum "2239671d94b38d92e9b28d4e12fd79814cfb9c16")
        (emacs-python-environment :checksum "401006584e32864a10c69d29f14414828909362e")
        (helm-gtags :checksum "a15fe1dd272d252ad933d8129db1dce02fd41adb")
        (helm-swoop :checksum "1f7d3cf0d742b199e4ce13fcb8b19c977a44611e")
        (helm-ls-git :checksum "4da1a53f2f0a078ee2e896a914a1b19c0bf1d5ed")
        (helm-company :checksum "fc912dc36750d719ecdbb12d8ebc0b2fe0cbf8cc")
        (company-mode :checksum "5c25e114c3ac1bee3671abd47f46592a3151d549")
        (helm-ag :checksum "db52f860b50aa4d5edfa1c6c97802d36aef7f78b")
        (helm :checksum "df4f34bc1d6d6478ad8ee543c358314da040fbe1")
        (smartparens :checksum "fb1ce4b4013fe6f86dde9dd5bd5d4c032ab0d45b")
        (avy :checksum "e92cb37457b43336b765630dbfbea8ba4be601fa")
        (google-this :checksum "6af9dcee88b9637b3bdd1900a907f7ac83113988")
        (wgrep :checksum "f0ef9bfa44db503cdb2f83fcfbd2fa4e2382ef1f")
        (dash :checksum "0e975782086020aa12863fdb658d6a3cc748a10c")
        (anzu :checksum "bdb3da5028935a4aea55c40769bc191a81afb54e")
        (highlight-symbol :checksum "7a789c779648c55b16e43278e51be5898c121b3a")
        (col-highlight :checksum "fe6028f6a9fca68e1c49a1b67cad66b4313dee41")
        (vline :checksum "c4f5ea2731d8b89e24eec5e9be98e2652b54bdbc")
        (rainbow-delimiters :checksum "93cd2dc873e7fedca7abc599cd97d46db4376ac7")
        (diminish :checksum "73669b69e5f9a0c9261c5b53624329d0e24d1ed8")
        (replace-colorthemes :checksum "c76b6e8e702457fc2e8907b367efdafd3b7123d9")
        (exec-path-from-shell :checksum "d14d6d2966efe5a1409f84a6b9d998268f74761d")
        (init-loader :checksum "10b8d7b12acbd1036e68dfb59f460714baedaa33")
        (qml-mode :checksum "7a437b964b3037b191fc32ea01f3a1d367202b46")
        (jedi :checksum "3a9c503c35359d6bca6ff90c384c104c8743cdab")
        (auto-complete :checksum "aafd3f566a8002a1e9b3e197721a2660c0a835ff")
        (popup :checksum "bd5a0df7e5bc68af46eef37afe9e80764a1d4fd8")
        (fuzzy :checksum "a36bde2f6e94d6b2bfaae68d73bbd39734e5b907")
        (company-irony :checksum "c51b3997f0a847d971917a4401277bf283250021")
        (irony-mode :checksum "8d6562a5d75ba65c6fbeff50d2eb9127d45dffa9")
        (company-c-headers :checksum "0450f429bd5745e91e984651c932264481953142")
        (c-eldoc :checksum "3baef9b6300370bd8db3ea7636084afcdebc6e85")
        (ag :checksum "ed7e32064f92f1315cecbfc43f120bbc7508672c")
        (s :checksum "43ba8b563bee3426cead0e6d4ddc09398e1a349d")))
(setq el-get-lock-locked-packages 'nil)
(setq el-get-lock-unlocked-packages 'nil)
