(setq el-get-lock-package-versions
      '((tabbar :checksum "b6c285a7d59dcdb1f17716f0b60787922fa4be82")
        (monokai-theme :checksum "11fa06c8fd5d5734e635427565a7fc980908b877")
        (open-junk-file :checksum "f87b93ec26e92dc747da43499d0cbf5ab70fd8c2")
        (helm-c-yasnippet :checksum "5bf2c2adc0afe38c17c7cbf8c5d8a0604c4ee51f")
        (yasnippet :checksum "e6b865127783f498b61fa99ad0f5413200ac09d0")
        (smex :checksum "55aaebe3d793c2c990b39a302eb26c184281c42c")
        (git-gutter-fringe+ :checksum "7a2f49d2455a3a872e90e5f7dd4e6b27f1d96cfc")
        (fringe-helper :checksum "ef4a9c023bae18ec1ddd7265f1f2d6d2e775efdd")
        (git-gutter+ :checksum "b7726997806d9a2da9fe84ff00ecf21d62b6f975")
        (magit :checksum "cc8c138533fd51a71386a8fd8f13ab190c9eef54")
        (with-editor :checksum "1a6c49bfdef5aacce14b76f06adda3b66d1f3847")
        (emacs-async :checksum "5813c24b91e81ca968b82d8e867404e3df9a653a")
        (yaml-mode :checksum "b03fba2be23ef928cc6e8752c87bf5f0e3dd422a")
        (markdown-mode :checksum "c81e26ff477d46f68bcf0c6397d5f5346d9b0129")
        (cmake-mode :checksum "2205381391a3c02b1e87b6687cd33ffe60794468")
        (matlab-mode :checksum "91bfcb536e3768ebb78579a6e1bcd83db66e0e7f")
        (company-jedi :checksum "2f54e791e10f5dc0ff164bfe97f1878359fab6f6")
        (epc :checksum "76fe6847a341f78c635164c18908a0b691f7212c")
        (ctable :checksum "cd673a09a80ce4e9e102ffe2e3d7e6bfb9d652b0")
        (python-environment :checksum "401006584e32864a10c69d29f14414828909362e")
        (deferred :checksum "9b46dedcb89923de417f7557743c4c22421f5787")
        (emacs-python-environment :checksum "401006584e32864a10c69d29f14414828909362e")
        (helm-gtags :checksum "76c573d2c0bd277041d917c9968b180d48a0fdce")
        (helm-swoop :checksum "6d3fdcfb6dea06242efc8ff4cafff9917e558bfc")
        (helm-ls-git :checksum "742eeb6c33253b2be581e30b5d70113cd87a581d")
        (helm-company :checksum "fc912dc36750d719ecdbb12d8ebc0b2fe0cbf8cc")
        (company-mode :checksum "f2327bc7f303fcf83c3d8f9c76f61deaa110ebb5")
        (helm-ag :checksum "7a687f97e0ae7cb4cc4520aee9c97f84f2088ed9")
        (helm :checksum "12c5de20c8d224820800eb6eaf6be9e2e7ee42c6")
        (smartparens :checksum "78a0880499915b52549aacc5de473c6ecccec88a")
        (avy :checksum "0f5e99b5e9a0fe709e5bce8ea4462dc732b2a281")
        (google-this :checksum "6af9dcee88b9637b3bdd1900a907f7ac83113988")
        (wgrep :checksum "4e9f3d9822acab2d353c858d33ddaebb629fbfe8")
        (dash :checksum "b7ba21202ec876775768fca08163e2cbfd130799")
        (anzu :checksum "e6c56ca8b23ac433f7be58b6f3f50801dd4164e4")
        (highlight-symbol :checksum "7a789c779648c55b16e43278e51be5898c121b3a")
        (col-highlight :checksum "fe6028f6a9fca68e1c49a1b67cad66b4313dee41")
        (vline :checksum "c4f5ea2731d8b89e24eec5e9be98e2652b54bdbc")
        (rainbow-delimiters :checksum "93cd2dc873e7fedca7abc599cd97d46db4376ac7")
        (diminish :checksum "73669b69e5f9a0c9261c5b53624329d0e24d1ed8")
        (replace-colorthemes :checksum "c76b6e8e702457fc2e8907b367efdafd3b7123d9")
        (exec-path-from-shell :checksum "5836fb1656493be4152e8f20b5b0ec3d49ca2787")
        (init-loader :checksum "287da99eadfa3dd85492506db43d68324069b593")
        (qml-mode :checksum "7a437b964b3037b191fc32ea01f3a1d367202b46")
        (jedi :checksum "aa2cff0b4aa9fbae23c054f185769d7661666c97")
        (auto-complete :checksum "08af29236e686c876ac7a45670562f3487ff02e0")
        (popup :checksum "8eee9c57288d12073d331a9eb4c172358d268455")
        (fuzzy :checksum "534d723ad2e06322ff8d9bd0ba4863d243f698e7")
        (company-irony :checksum "c51b3997f0a847d971917a4401277bf283250021")
        (irony-mode :checksum "8d6562a5d75ba65c6fbeff50d2eb9127d45dffa9")
        (company-c-headers :checksum "0450f429bd5745e91e984651c932264481953142")
        (c-eldoc :checksum "3baef9b6300370bd8db3ea7636084afcdebc6e85")
        (ag :checksum "29d40fdaa4f605e9a6bf689050f0767f3ba22307")
        (s :checksum "981e0c7d19d4575d073b3a6bfb90526eeaf9384a")))
(setq el-get-lock-locked-packages 'nil)
(setq el-get-lock-unlocked-packages 'nil)
